
Microsoft Visual Studio Solution File, Format Version 12.00
# Visual Studio Version 16
VisualStudioVersion = 16.0.28705.295
MinimumVisualStudioVersion = 10.0.40219.1
Project("{9A19103F-16F7-4668-BE54-9A1E7A4F7556}") = "WpfApp1", "WpfApp1\WpfApp1.csproj", "{98D29B65-858E-4A13-8969-7475B74D60C9}"
EndProject
Project("{C7167F0D-BC9F-4E6E-AFE1-012C56B48DB5}") = "WapProjTemplate1", "WapProjTemplate1\WapProjTemplate1.wapproj", "{286C2C66-1ABB-4648-9697-D5B209F0A42C}"
EndProject
Project("{F184B08F-C81C-45F6-A57F-5ABD9991F28F}") = "WPFOld", "WPFOld\WPFOld.vbproj", "{5112D55A-D3E0-49CA-8D36-4B226084BFA0}"
EndProject
Global
	GlobalSection(SolutionConfigurationPlatforms) = preSolution
		Debug|Any CPU = Debug|Any CPU
		Debug|ARM = Debug|ARM
		Debug|ARM64 = Debug|ARM64
		Debug|x64 = Debug|x64
		Debug|x86 = Debug|x86
		Release|Any CPU = Release|Any CPU
		Release|ARM = Release|ARM
		Release|ARM64 = Release|ARM64
		Release|x64 = Release|x64
		Release|x86 = Release|x86
	EndGlobalSection
	GlobalSection(ProjectConfigurationPlatforms) = postSolution
		{98D29B65-858E-4A13-8969-7475B74D60C9}.Debug|Any CPU.ActiveCfg = Debug|Any CPU
		{98D29B65-858E-4A13-8969-7475B74D60C9}.Debug|Any CPU.Build.0 = Debug|Any CPU
		{98D29B65-858E-4A13-8969-7475B74D60C9}.Debug|ARM.ActiveCfg = Debug|Any CPU
		{98D29B65-858E-4A13-8969-7475B74D60C9}.Debug|ARM.Build.0 = Debug|Any CPU
		{98D29B65-858E-4A13-8969-7475B74D60C9}.Debug|ARM64.ActiveCfg = Debug|Any CPU
		{98D29B65-858E-4A13-8969-7475B74D60C9}.Debug|ARM64.Build.0 = Debug|Any CPU
		{98D29B65-858E-4A13-8969-7475B74D60C9}.Debug|x64.ActiveCfg = Debug|Any CPU
		{98D29B65-858E-4A13-8969-7475B74D60C9}.Debug|x64.Build.0 = Debug|Any CPU
		{98D29B65-858E-4A13-8969-7475B74D60C9}.Debug|x86.ActiveCfg = Debug|Any CPU
		{98D29B65-858E-4A13-8969-7475B74D60C9}.Debug|x86.Build.0 = Debug|Any CPU
		{98D29B65-858E-4A13-8969-7475B74D60C9}.Release|Any CPU.ActiveCfg = Release|Any CPU
		{98D29B65-858E-4A13-8969-7475B74D60C9}.Release|Any CPU.Build.0 = Release|Any CPU
		{98D29B65-858E-4A13-8969-7475B74D60C9}.Release|ARM.ActiveCfg = Release|Any CPU
		{98D29B65-858E-4A13-8969-7475B74D60C9}.Release|ARM.Build.0 = Release|Any CPU
		{98D29B65-858E-4A13-8969-7475B74D60C9}.Release|ARM64.ActiveCfg = Release|Any CPU
		{98D29B65-858E-4A13-8969-7475B74D60C9}.Release|ARM64.Build.0 = Release|Any CPU
		{98D29B65-858E-4A13-8969-7475B74D60C9}.Release|x64.ActiveCfg = Release|Any CPU
		{98D29B65-858E-4A13-8969-7475B74D60C9}.Release|x64.Build.0 = Release|Any CPU
		{98D29B65-858E-4A13-8969-7475B74D60C9}.Release|x86.ActiveCfg = Release|Any CPU
		{98D29B65-858E-4A13-8969-7475B74D60C9}.Release|x86.Build.0 = Release|Any CPU
		{286C2C66-1ABB-4648-9697-D5B209F0A42C}.Debug|Any CPU.ActiveCfg = Debug|Any CPU
		{286C2C66-1ABB-4648-9697-D5B209F0A42C}.Debug|Any CPU.Build.0 = Debug|Any CPU
		{286C2C66-1ABB-4648-9697-D5B209F0A42C}.Debug|Any CPU.Deploy.0 = Debug|Any CPU
		{286C2C66-1ABB-4648-9697-D5B209F0A42C}.Debug|ARM.ActiveCfg = Debug|ARM
		{286C2C66-1ABB-4648-9697-D5B209F0A42C}.Debug|ARM.Build.0 = Debug|ARM
		{286C2C66-1ABB-4648-9697-D5B209F0A42C}.Debug|ARM.Deploy.0 = Debug|ARM
		{286C2C66-1ABB-4648-9697-D5B209F0A42C}.Debug|ARM64.ActiveCfg = Debug|ARM64
		{286C2C66-1ABB-4648-9697-D5B209F0A42C}.Debug|ARM64.Build.0 = Debug|ARM64
		{286C2C66-1ABB-4648-9697-D5B209F0A42C}.Debug|ARM64.Deploy.0 = Debug|ARM64
		{286C2C66-1ABB-4648-9697-D5B209F0A42C}.Debug|x64.ActiveCfg = Debug|x64
		{286C2C66-1ABB-4648-9697-D5B209F0A42C}.Debug|x64.Build.0 = Debug|x64
		{286C2C66-1ABB-4648-9697-D5B209F0A42C}.Debug|x64.Deploy.0 = Debug|x64
		{286C2C66-1ABB-4648-9697-D5B209F0A42C}.Debug|x86.ActiveCfg = Debug|x86
		{286C2C66-1ABB-4648-9697-D5B209F0A42C}.Debug|x86.Build.0 = Debug|x86
		{286C2C66-1ABB-4648-9697-D5B209F0A42C}.Debug|x86.Deploy.0 = Debug|x86
		{286C2C66-1ABB-4648-9697-D5B209F0A42C}.Release|Any CPU.ActiveCfg = Release|Any CPU
		{286C2C66-1ABB-4648-9697-D5B209F0A42C}.Release|Any CPU.Build.0 = Release|Any CPU
		{286C2C66-1ABB-4648-9697-D5B209F0A42C}.Release|Any CPU.Deploy.0 = Release|Any CPU
		{286C2C66-1ABB-4648-9697-D5B209F0A42C}.Release|ARM.ActiveCfg = Release|ARM
		{286C2C66-1ABB-4648-9697-D5B209F0A42C}.Release|ARM.Build.0 = Release|ARM
		{286C2C66-1ABB-4648-9697-D5B209F0A42C}.Release|ARM.Deploy.0 = Release|ARM
		{286C2C66-1ABB-4648-9697-D5B209F0A42C}.Release|ARM64.ActiveCfg = Release|ARM64
		{286C2C66-1ABB-4648-9697-D5B209F0A42C}.Release|ARM64.Build.0 = Release|ARM64
		{286C2C66-1ABB-4648-9697-D5B209F0A42C}.Release|ARM64.Deploy.0 = Release|ARM64
		{286C2C66-1ABB-4648-9697-D5B209F0A42C}.Release|x64.ActiveCfg = Release|x64
		{286C2C66-1ABB-4648-9697-D5B209F0A42C}.Release|x64.Build.0 = Release|x64
		{286C2C66-1ABB-4648-9697-D5B209F0A42C}.Release|x64.Deploy.0 = Release|x64
		{286C2C66-1ABB-4648-9697-D5B209F0A42C}.Release|x86.ActiveCfg = Release|x86
		{286C2C66-1ABB-4648-9697-D5B209F0A42C}.Release|x86.Build.0 = Release|x86
		{286C2C66-1ABB-4648-9697-D5B209F0A42C}.Release|x86.Deploy.0 = Release|x86
		{5112D55A-D3E0-49CA-8D36-4B226084BFA0}.Debug|Any CPU.ActiveCfg = Debug|Any CPU
		{5112D55A-D3E0-49CA-8D36-4B226084BFA0}.Debug|Any CPU.Build.0 = Debug|Any CPU
		{5112D55A-D3E0-49CA-8D36-4B226084BFA0}.Debug|ARM.ActiveCfg = Debug|Any CPU
		{5112D55A-D3E0-49CA-8D36-4B226084BFA0}.Debug|ARM.Build.0 = Debug|Any CPU
		{5112D55A-D3E0-49CA-8D36-4B226084BFA0}.Debug|ARM64.ActiveCfg = Debug|Any CPU
		{5112D55A-D3E0-49CA-8D36-4B226084BFA0}.Debug|ARM64.Build.0 = Debug|Any CPU
		{5112D55A-D3E0-49CA-8D36-4B226084BFA0}.Debug|x64.ActiveCfg = Debug|Any CPU
		{5112D55A-D3E0-49CA-8D36-4B226084BFA0}.Debug|x64.Build.0 = Debug|Any CPU
		{5112D55A-D3E0-49CA-8D36-4B226084BFA0}.Debug|x86.ActiveCfg = Debug|Any CPU
		{5112D55A-D3E0-49CA-8D36-4B226084BFA0}.Debug|x86.Build.0 = Debug|Any CPU
		{5112D55A-D3E0-49CA-8D36-4B226084BFA0}.Release|Any CPU.ActiveCfg = Release|Any CPU
		{5112D55A-D3E0-49CA-8D36-4B226084BFA0}.Release|Any CPU.Build.0 = Release|Any CPU
		{5112D55A-D3E0-49CA-8D36-4B226084BFA0}.Release|ARM.ActiveCfg = Release|Any CPU
		{5112D55A-D3E0-49CA-8D36-4B226084BFA0}.Release|ARM.Build.0 = Release|Any CPU
		{5112D55A-D3E0-49CA-8D36-4B226084BFA0}.Release|ARM64.ActiveCfg = Release|Any CPU
		{5112D55A-D3E0-49CA-8D36-4B226084BFA0}.Release|ARM64.Build.0 = Release|Any CPU
		{5112D55A-D3E0-49CA-8D36-4B226084BFA0}.Release|x64.ActiveCfg = Release|Any CPU
		{5112D55A-D3E0-49CA-8D36-4B226084BFA0}.Release|x64.Build.0 = Release|Any CPU
		{5112D55A-D3E0-49CA-8D36-4B226084BFA0}.Release|x86.ActiveCfg = Release|Any CPU
		{5112D55A-D3E0-49CA-8D36-4B226084BFA0}.Release|x86.Build.0 = Release|Any CPU
	EndGlobalSection
	GlobalSection(SolutionProperties) = preSolution
		HideSolutionNode = FALSE
	EndGlobalSection
	GlobalSection(ExtensibilityGlobals) = postSolution
		SolutionGuid = {B71E4603-C873-4740-96EB-857547CE8C45}
	EndGlobalSection
EndGlobal
