
Microsoft Visual Studio Solution File, Format Version 12.00
# Visual Studio Version 16
VisualStudioVersion = 16.0.28705.295
MinimumVisualStudioVersion = 10.0.40219.1
Project("{9A19103F-16F7-4668-BE54-9A1E7A4F7556}") = "AsyncStreamsSample", "AsyncStreamsSample\AsyncStreamsSample.csproj", "{4D59EB89-74DF-420F-BEF9-1B4E37F80B0E}"
EndProject
Global
	GlobalSection(SolutionConfigurationPlatforms) = preSolution
		Debug|Any CPU = Debug|Any CPU
		Release|Any CPU = Release|Any CPU
	EndGlobalSection
	GlobalSection(ProjectConfigurationPlatforms) = postSolution
		{4D59EB89-74DF-420F-BEF9-1B4E37F80B0E}.Debug|Any CPU.ActiveCfg = Debug|Any CPU
		{4D59EB89-74DF-420F-BEF9-1B4E37F80B0E}.Debug|Any CPU.Build.0 = Debug|Any CPU
		{4D59EB89-74DF-420F-BEF9-1B4E37F80B0E}.Release|Any CPU.ActiveCfg = Release|Any CPU
		{4D59EB89-74DF-420F-BEF9-1B4E37F80B0E}.Release|Any CPU.Build.0 = Release|Any CPU
	EndGlobalSection
	GlobalSection(SolutionProperties) = preSolution
		HideSolutionNode = FALSE
	EndGlobalSection
	GlobalSection(ExtensibilityGlobals) = postSolution
		SolutionGuid = {CA9230EA-7331-41A6-A0EC-967D8E17D844}
	EndGlobalSection
EndGlobal
