
Microsoft Visual Studio Solution File, Format Version 12.00
# Visual Studio Version 16
VisualStudioVersion = 16.0.28705.295
MinimumVisualStudioVersion = 10.0.40219.1
Project("{9A19103F-16F7-4668-BE54-9A1E7A4F7556}") = "CosmosDBWithEFCore", "CosmosDBWithEFCore\CosmosDBWithEFCore.csproj", "{19924E93-7388-4493-8562-FABF0639CC43}"
EndProject
Global
	GlobalSection(SolutionConfigurationPlatforms) = preSolution
		Debug|Any CPU = Debug|Any CPU
		Release|Any CPU = Release|Any CPU
	EndGlobalSection
	GlobalSection(ProjectConfigurationPlatforms) = postSolution
		{19924E93-7388-4493-8562-FABF0639CC43}.Debug|Any CPU.ActiveCfg = Debug|Any CPU
		{19924E93-7388-4493-8562-FABF0639CC43}.Debug|Any CPU.Build.0 = Debug|Any CPU
		{19924E93-7388-4493-8562-FABF0639CC43}.Release|Any CPU.ActiveCfg = Release|Any CPU
		{19924E93-7388-4493-8562-FABF0639CC43}.Release|Any CPU.Build.0 = Release|Any CPU
	EndGlobalSection
	GlobalSection(SolutionProperties) = preSolution
		HideSolutionNode = FALSE
	EndGlobalSection
	GlobalSection(ExtensibilityGlobals) = postSolution
		SolutionGuid = {B17690F1-0B82-4A5D-83A1-D0544D9A9347}
	EndGlobalSection
EndGlobal
