
Microsoft Visual Studio Solution File, Format Version 12.00
# Visual Studio Version 16
VisualStudioVersion = 16.0.28705.295
MinimumVisualStudioVersion = 10.0.40219.1
Project("{FAE04EC0-301F-11D3-BF4B-00C04F79EFBC}") = "MVCWebApp", "MVCWebApp\MVCWebApp.csproj", "{7850BFC0-3DA9-4EC9-976D-2F8FE5138B95}"
EndProject
Global
	GlobalSection(SolutionConfigurationPlatforms) = preSolution
		Debug|Any CPU = Debug|Any CPU
		Release|Any CPU = Release|Any CPU
	EndGlobalSection
	GlobalSection(ProjectConfigurationPlatforms) = postSolution
		{7850BFC0-3DA9-4EC9-976D-2F8FE5138B95}.Debug|Any CPU.ActiveCfg = Debug|Any CPU
		{7850BFC0-3DA9-4EC9-976D-2F8FE5138B95}.Debug|Any CPU.Build.0 = Debug|Any CPU
		{7850BFC0-3DA9-4EC9-976D-2F8FE5138B95}.Release|Any CPU.ActiveCfg = Release|Any CPU
		{7850BFC0-3DA9-4EC9-976D-2F8FE5138B95}.Release|Any CPU.Build.0 = Release|Any CPU
	EndGlobalSection
	GlobalSection(SolutionProperties) = preSolution
		HideSolutionNode = FALSE
	EndGlobalSection
	GlobalSection(ExtensibilityGlobals) = postSolution
		SolutionGuid = {5ED683AE-0838-43E4-85F1-5854EF9F61A6}
	EndGlobalSection
EndGlobal
