
Microsoft Visual Studio Solution File, Format Version 12.00
# Visual Studio Version 16
VisualStudioVersion = 16.0.28705.295
MinimumVisualStudioVersion = 10.0.40219.1
Project("{FAE04EC0-301F-11D3-BF4B-00C04F79EFBC}") = "GRPCSample.Server", "GRPCSample\GRPCSample.Server\GRPCSample.Server.csproj", "{E9E68A75-F181-4FE3-AA47-885F11A4DA86}"
EndProject
Project("{FAE04EC0-301F-11D3-BF4B-00C04F79EFBC}") = "GRPCSample.Client", "GRPCSample\GRPCSample.Client\GRPCSample.Client.csproj", "{23ABF7FD-6BAE-4AF1-824C-3FF947B4605D}"
EndProject
Global
	GlobalSection(SolutionConfigurationPlatforms) = preSolution
		Debug|Any CPU = Debug|Any CPU
		Release|Any CPU = Release|Any CPU
	EndGlobalSection
	GlobalSection(ProjectConfigurationPlatforms) = postSolution
		{E9E68A75-F181-4FE3-AA47-885F11A4DA86}.Debug|Any CPU.ActiveCfg = Debug|Any CPU
		{E9E68A75-F181-4FE3-AA47-885F11A4DA86}.Debug|Any CPU.Build.0 = Debug|Any CPU
		{E9E68A75-F181-4FE3-AA47-885F11A4DA86}.Release|Any CPU.ActiveCfg = Release|Any CPU
		{E9E68A75-F181-4FE3-AA47-885F11A4DA86}.Release|Any CPU.Build.0 = Release|Any CPU
		{23ABF7FD-6BAE-4AF1-824C-3FF947B4605D}.Debug|Any CPU.ActiveCfg = Debug|Any CPU
		{23ABF7FD-6BAE-4AF1-824C-3FF947B4605D}.Debug|Any CPU.Build.0 = Debug|Any CPU
		{23ABF7FD-6BAE-4AF1-824C-3FF947B4605D}.Release|Any CPU.ActiveCfg = Release|Any CPU
		{23ABF7FD-6BAE-4AF1-824C-3FF947B4605D}.Release|Any CPU.Build.0 = Release|Any CPU
	EndGlobalSection
	GlobalSection(SolutionProperties) = preSolution
		HideSolutionNode = FALSE
	EndGlobalSection
	GlobalSection(ExtensibilityGlobals) = postSolution
		SolutionGuid = {F7EFA450-C2F6-427D-ACBA-D4FDF5DC023F}
	EndGlobalSection
EndGlobal
