
Microsoft Visual Studio Solution File, Format Version 12.00
# Visual Studio Version 16
VisualStudioVersion = 16.0.28705.295
MinimumVisualStudioVersion = 10.0.40219.1
Project("{FAE04EC0-301F-11D3-BF4B-00C04F79EFBC}") = "RoutingSample", "RoutingSample\RoutingSample.csproj", "{8AE82E44-5C41-4B21-BD55-669E6E02F069}"
EndProject
Global
	GlobalSection(SolutionConfigurationPlatforms) = preSolution
		Debug|Any CPU = Debug|Any CPU
		Release|Any CPU = Release|Any CPU
	EndGlobalSection
	GlobalSection(ProjectConfigurationPlatforms) = postSolution
		{8AE82E44-5C41-4B21-BD55-669E6E02F069}.Debug|Any CPU.ActiveCfg = Debug|Any CPU
		{8AE82E44-5C41-4B21-BD55-669E6E02F069}.Debug|Any CPU.Build.0 = Debug|Any CPU
		{8AE82E44-5C41-4B21-BD55-669E6E02F069}.Release|Any CPU.ActiveCfg = Release|Any CPU
		{8AE82E44-5C41-4B21-BD55-669E6E02F069}.Release|Any CPU.Build.0 = Release|Any CPU
	EndGlobalSection
	GlobalSection(SolutionProperties) = preSolution
		HideSolutionNode = FALSE
	EndGlobalSection
	GlobalSection(ExtensibilityGlobals) = postSolution
		SolutionGuid = {F0EF6671-4C9A-427F-95E3-E73018B80B1F}
	EndGlobalSection
EndGlobal
